
Microsoft Visual Studio Solution File, Format Version 12.00
# Visual Studio Version 16
VisualStudioVersion = 16.0.31005.135
MinimumVisualStudioVersion = 10.0.40219.1
Project("{FAE04EC0-301F-11D3-BF4B-00C04F79EFBC}") = "Praktikum1", "Praktikum1\Praktikum1.csproj", "{AF11D034-75A9-4156-B860-E050D9011C70}"
EndProject
Global
	GlobalSection(SolutionConfigurationPlatforms) = preSolution
		Debug|Any CPU = Debug|Any CPU
		Release|Any CPU = Release|Any CPU
	EndGlobalSection
	GlobalSection(ProjectConfigurationPlatforms) = postSolution
		{AF11D034-75A9-4156-B860-E050D9011C70}.Debug|Any CPU.ActiveCfg = Debug|Any CPU
		{AF11D034-75A9-4156-B860-E050D9011C70}.Debug|Any CPU.Build.0 = Debug|Any CPU
		{AF11D034-75A9-4156-B860-E050D9011C70}.Release|Any CPU.ActiveCfg = Release|Any CPU
		{AF11D034-75A9-4156-B860-E050D9011C70}.Release|Any CPU.Build.0 = Release|Any CPU
	EndGlobalSection
	GlobalSection(SolutionProperties) = preSolution
		HideSolutionNode = FALSE
	EndGlobalSection
	GlobalSection(ExtensibilityGlobals) = postSolution
		SolutionGuid = {DD29990C-5CDE-41C3-9555-80E0296329A8}
	EndGlobalSection
EndGlobal
